
Microsoft Visual Studio Solution File, Format Version 12.00
# Visual Studio 15
VisualStudioVersion = 15.0.28307.438
MinimumVisualStudioVersion = 10.0.40219.1
Project("{FAE04EC0-301F-11D3-BF4B-00C04F79EFBC}") = "Complete_C_Sharp_Programming_Language", "Complete_C_Sharp_Programming_Language\Complete_C_Sharp_Programming_Language.csproj", "{DE328F95-17A0-410B-92A2-1F4435FB4AA0}"
EndProject
Project("{FAE04EC0-301F-11D3-BF4B-00C04F79EFBC}") = "Practice_01", "practice01\Practice_01.csproj", "{ADA1AC05-3C45-4C9A-A741-44DC05BC7786}"
EndProject
Project("{FAE04EC0-301F-11D3-BF4B-00C04F79EFBC}") = "Practice_02", "Practice_02\Practice_02.csproj", "{F20B2196-63D5-4938-B8B7-ABD8F45A695A}"
EndProject
Project("{FAE04EC0-301F-11D3-BF4B-00C04F79EFBC}") = "Practice_04_Switch", "Practice_04_Switch\Practice_04_Switch.csproj", "{A538FE50-6DFC-49F4-8499-E31C5F99721A}"
EndProject
Project("{FAE04EC0-301F-11D3-BF4B-00C04F79EFBC}") = "Practice_05", "Practice_05\Practice_05.csproj", "{7F76E87A-A638-405F-8977-4D02CF2ACE65}"
EndProject
Project("{FAE04EC0-301F-11D3-BF4B-00C04F79EFBC}") = "Practice_06", "Practice_06\Practice_06.csproj", "{D8A1CE04-9144-4335-9433-12D09A373A53}"
EndProject
Project("{FAE04EC0-301F-11D3-BF4B-00C04F79EFBC}") = "Practice_07", "Practice_07\Practice_07.csproj", "{E86A8F8B-8744-4F98-A801-8F58ABAE853B}"
EndProject
Project("{FAE04EC0-301F-11D3-BF4B-00C04F79EFBC}") = "Practice_08", "Practice_08\Practice_08.csproj", "{CEA16FDD-1999-49C1-BA4B-DBDBDD918F90}"
EndProject
Project("{FAE04EC0-301F-11D3-BF4B-00C04F79EFBC}") = "Practice_09", "Practice_09\Practice_09.csproj", "{2B7CB7EA-2B9F-4EC9-9186-DB5561BD8169}"
EndProject
Global
	GlobalSection(SolutionConfigurationPlatforms) = preSolution
		Debug|Any CPU = Debug|Any CPU
		Release|Any CPU = Release|Any CPU
	EndGlobalSection
	GlobalSection(ProjectConfigurationPlatforms) = postSolution
		{DE328F95-17A0-410B-92A2-1F4435FB4AA0}.Debug|Any CPU.ActiveCfg = Debug|Any CPU
		{DE328F95-17A0-410B-92A2-1F4435FB4AA0}.Debug|Any CPU.Build.0 = Debug|Any CPU
		{DE328F95-17A0-410B-92A2-1F4435FB4AA0}.Release|Any CPU.ActiveCfg = Release|Any CPU
		{DE328F95-17A0-410B-92A2-1F4435FB4AA0}.Release|Any CPU.Build.0 = Release|Any CPU
		{ADA1AC05-3C45-4C9A-A741-44DC05BC7786}.Debug|Any CPU.ActiveCfg = Debug|Any CPU
		{ADA1AC05-3C45-4C9A-A741-44DC05BC7786}.Debug|Any CPU.Build.0 = Debug|Any CPU
		{ADA1AC05-3C45-4C9A-A741-44DC05BC7786}.Release|Any CPU.ActiveCfg = Release|Any CPU
		{ADA1AC05-3C45-4C9A-A741-44DC05BC7786}.Release|Any CPU.Build.0 = Release|Any CPU
		{F20B2196-63D5-4938-B8B7-ABD8F45A695A}.Debug|Any CPU.ActiveCfg = Debug|Any CPU
		{F20B2196-63D5-4938-B8B7-ABD8F45A695A}.Debug|Any CPU.Build.0 = Debug|Any CPU
		{F20B2196-63D5-4938-B8B7-ABD8F45A695A}.Release|Any CPU.ActiveCfg = Release|Any CPU
		{F20B2196-63D5-4938-B8B7-ABD8F45A695A}.Release|Any CPU.Build.0 = Release|Any CPU
		{A538FE50-6DFC-49F4-8499-E31C5F99721A}.Debug|Any CPU.ActiveCfg = Debug|Any CPU
		{A538FE50-6DFC-49F4-8499-E31C5F99721A}.Debug|Any CPU.Build.0 = Debug|Any CPU
		{A538FE50-6DFC-49F4-8499-E31C5F99721A}.Release|Any CPU.ActiveCfg = Release|Any CPU
		{A538FE50-6DFC-49F4-8499-E31C5F99721A}.Release|Any CPU.Build.0 = Release|Any CPU
		{7F76E87A-A638-405F-8977-4D02CF2ACE65}.Debug|Any CPU.ActiveCfg = Debug|Any CPU
		{7F76E87A-A638-405F-8977-4D02CF2ACE65}.Debug|Any CPU.Build.0 = Debug|Any CPU
		{7F76E87A-A638-405F-8977-4D02CF2ACE65}.Release|Any CPU.ActiveCfg = Release|Any CPU
		{7F76E87A-A638-405F-8977-4D02CF2ACE65}.Release|Any CPU.Build.0 = Release|Any CPU
		{D8A1CE04-9144-4335-9433-12D09A373A53}.Debug|Any CPU.ActiveCfg = Debug|Any CPU
		{D8A1CE04-9144-4335-9433-12D09A373A53}.Debug|Any CPU.Build.0 = Debug|Any CPU
		{D8A1CE04-9144-4335-9433-12D09A373A53}.Release|Any CPU.ActiveCfg = Release|Any CPU
		{D8A1CE04-9144-4335-9433-12D09A373A53}.Release|Any CPU.Build.0 = Release|Any CPU
		{E86A8F8B-8744-4F98-A801-8F58ABAE853B}.Debug|Any CPU.ActiveCfg = Debug|Any CPU
		{E86A8F8B-8744-4F98-A801-8F58ABAE853B}.Debug|Any CPU.Build.0 = Debug|Any CPU
		{E86A8F8B-8744-4F98-A801-8F58ABAE853B}.Release|Any CPU.ActiveCfg = Release|Any CPU
		{E86A8F8B-8744-4F98-A801-8F58ABAE853B}.Release|Any CPU.Build.0 = Release|Any CPU
		{CEA16FDD-1999-49C1-BA4B-DBDBDD918F90}.Debug|Any CPU.ActiveCfg = Debug|Any CPU
		{CEA16FDD-1999-49C1-BA4B-DBDBDD918F90}.Debug|Any CPU.Build.0 = Debug|Any CPU
		{CEA16FDD-1999-49C1-BA4B-DBDBDD918F90}.Release|Any CPU.ActiveCfg = Release|Any CPU
		{CEA16FDD-1999-49C1-BA4B-DBDBDD918F90}.Release|Any CPU.Build.0 = Release|Any CPU
		{2B7CB7EA-2B9F-4EC9-9186-DB5561BD8169}.Debug|Any CPU.ActiveCfg = Debug|Any CPU
		{2B7CB7EA-2B9F-4EC9-9186-DB5561BD8169}.Debug|Any CPU.Build.0 = Debug|Any CPU
		{2B7CB7EA-2B9F-4EC9-9186-DB5561BD8169}.Release|Any CPU.ActiveCfg = Release|Any CPU
		{2B7CB7EA-2B9F-4EC9-9186-DB5561BD8169}.Release|Any CPU.Build.0 = Release|Any CPU
	EndGlobalSection
	GlobalSection(SolutionProperties) = preSolution
		HideSolutionNode = FALSE
	EndGlobalSection
	GlobalSection(ExtensibilityGlobals) = postSolution
		SolutionGuid = {C3F863FF-6BFF-4C54-BCBA-0114EC3C3638}
	EndGlobalSection
EndGlobal
