
Microsoft Visual Studio Solution File, Format Version 12.00
# Visual Studio 15
VisualStudioVersion = 15.0.28307.438
MinimumVisualStudioVersion = 10.0.40219.1
Project("{FAE04EC0-301F-11D3-BF4B-00C04F79EFBC}") = "Complete_C_Sharp_Programming_Language", "Complete_C_Sharp_Programming_Language\Complete_C_Sharp_Programming_Language.csproj", "{DE328F95-17A0-410B-92A2-1F4435FB4AA0}"
EndProject
Global
	GlobalSection(SolutionConfigurationPlatforms) = preSolution
		Debug|Any CPU = Debug|Any CPU
		Release|Any CPU = Release|Any CPU
	EndGlobalSection
	GlobalSection(ProjectConfigurationPlatforms) = postSolution
		{DE328F95-17A0-410B-92A2-1F4435FB4AA0}.Debug|Any CPU.ActiveCfg = Debug|Any CPU
		{DE328F95-17A0-410B-92A2-1F4435FB4AA0}.Debug|Any CPU.Build.0 = Debug|Any CPU
		{DE328F95-17A0-410B-92A2-1F4435FB4AA0}.Release|Any CPU.ActiveCfg = Release|Any CPU
		{DE328F95-17A0-410B-92A2-1F4435FB4AA0}.Release|Any CPU.Build.0 = Release|Any CPU
	EndGlobalSection
	GlobalSection(SolutionProperties) = preSolution
		HideSolutionNode = FALSE
	EndGlobalSection
	GlobalSection(ExtensibilityGlobals) = postSolution
		SolutionGuid = {C3F863FF-6BFF-4C54-BCBA-0114EC3C3638}
	EndGlobalSection
EndGlobal
